
Microsoft Visual Studio Solution File, Format Version 12.00
# Visual Studio Version 16
VisualStudioVersion = 16.0.31515.178
MinimumVisualStudioVersion = 10.0.40219.1
Project("{9A19103F-16F7-4668-BE54-9A1E7A4F7556}") = "EventBus.Core", "EventBus.Core\EventBus.Core.csproj", "{CEFDDE52-8DBA-4ACC-A74E-07161C42A834}"
EndProject
Project("{9A19103F-16F7-4668-BE54-9A1E7A4F7556}") = "EventBus.Tests", "EventBus.Tests\EventBus.Tests.csproj", "{3C80DACA-CD14-4DBB-B4D0-930A022D18A9}"
EndProject
Project("{9A19103F-16F7-4668-BE54-9A1E7A4F7556}") = "IntegrationEventLogEF", "IntegrationEventLogEF\IntegrationEventLogEF.csproj", "{67826E8B-BF30-4CD4-A26B-A24AE0CE7B12}"
EndProject
Project("{9A19103F-16F7-4668-BE54-9A1E7A4F7556}") = "RabbitMQEventBus", "RabbitMQEventBus\RabbitMQEventBus.csproj", "{00B34096-BEE2-445F-9282-D659C1FD89BD}"
EndProject
Global
	GlobalSection(SolutionConfigurationPlatforms) = preSolution
		Debug|Any CPU = Debug|Any CPU
		Release|Any CPU = Release|Any CPU
	EndGlobalSection
	GlobalSection(ProjectConfigurationPlatforms) = postSolution
		{CEFDDE52-8DBA-4ACC-A74E-07161C42A834}.Debug|Any CPU.ActiveCfg = Debug|Any CPU
		{CEFDDE52-8DBA-4ACC-A74E-07161C42A834}.Debug|Any CPU.Build.0 = Debug|Any CPU
		{CEFDDE52-8DBA-4ACC-A74E-07161C42A834}.Release|Any CPU.ActiveCfg = Release|Any CPU
		{CEFDDE52-8DBA-4ACC-A74E-07161C42A834}.Release|Any CPU.Build.0 = Release|Any CPU
		{3C80DACA-CD14-4DBB-B4D0-930A022D18A9}.Debug|Any CPU.ActiveCfg = Debug|Any CPU
		{3C80DACA-CD14-4DBB-B4D0-930A022D18A9}.Debug|Any CPU.Build.0 = Debug|Any CPU
		{3C80DACA-CD14-4DBB-B4D0-930A022D18A9}.Release|Any CPU.ActiveCfg = Release|Any CPU
		{3C80DACA-CD14-4DBB-B4D0-930A022D18A9}.Release|Any CPU.Build.0 = Release|Any CPU
		{67826E8B-BF30-4CD4-A26B-A24AE0CE7B12}.Debug|Any CPU.ActiveCfg = Debug|Any CPU
		{67826E8B-BF30-4CD4-A26B-A24AE0CE7B12}.Debug|Any CPU.Build.0 = Debug|Any CPU
		{67826E8B-BF30-4CD4-A26B-A24AE0CE7B12}.Release|Any CPU.ActiveCfg = Release|Any CPU
		{67826E8B-BF30-4CD4-A26B-A24AE0CE7B12}.Release|Any CPU.Build.0 = Release|Any CPU
		{00B34096-BEE2-445F-9282-D659C1FD89BD}.Debug|Any CPU.ActiveCfg = Debug|Any CPU
		{00B34096-BEE2-445F-9282-D659C1FD89BD}.Debug|Any CPU.Build.0 = Debug|Any CPU
		{00B34096-BEE2-445F-9282-D659C1FD89BD}.Release|Any CPU.ActiveCfg = Release|Any CPU
		{00B34096-BEE2-445F-9282-D659C1FD89BD}.Release|Any CPU.Build.0 = Release|Any CPU
	EndGlobalSection
	GlobalSection(SolutionProperties) = preSolution
		HideSolutionNode = FALSE
	EndGlobalSection
	GlobalSection(ExtensibilityGlobals) = postSolution
		SolutionGuid = {2710A732-B908-4E64-A23F-8EEAF4221417}
	EndGlobalSection
EndGlobal
